
Microsoft Visual Studio Solution File, Format Version 12.00
# Visual Studio 15
VisualStudioVersion = 15.0.26124.0
MinimumVisualStudioVersion = 15.0.26124.0
Project("{2150E333-8FDC-42A3-9474-1A3956D46DE8}") = "src", "src", "{D46C7E5E-A719-4C65-85F2-5DE9B3A01095}"
EndProject
Project("{FAE04EC0-301F-11D3-BF4B-00C04F79EFBC}") = "Zyborg.Vault", "src\Zyborg.Vault\Zyborg.Vault.csproj", "{5A62F57E-5C81-45A2-90A4-A44EB915B358}"
EndProject
Project("{2150E333-8FDC-42A3-9474-1A3956D46DE8}") = "test", "test", "{B1CBC9FD-2A19-4473-89D2-B337559581C2}"
EndProject
Project("{FAE04EC0-301F-11D3-BF4B-00C04F79EFBC}") = "Zyborg.Vault-tests", "test\Zyborg.Vault-tests\Zyborg.Vault-tests.csproj", "{794649DF-0AB7-4959-9635-AB59A95411F7}"
EndProject
Project("{FAE04EC0-301F-11D3-BF4B-00C04F79EFBC}") = "Zyborg.Testing.XunitExt", "..\tools\src\Zyborg.Testing.XunitExt\Zyborg.Testing.XunitExt.csproj", "{2B627A53-4DF9-4B7D-BA03-9D73F02E9FA9}"
EndProject
Project("{FAE04EC0-301F-11D3-BF4B-00C04F79EFBC}") = "Zyborg.Vault.Server", "src\Zyborg.Vault.Server\Zyborg.Vault.Server.csproj", "{BB31B6A2-D5E3-4FAB-8D58-5BBBC6F7D047}"
EndProject
Global
	GlobalSection(SolutionConfigurationPlatforms) = preSolution
		Debug|Any CPU = Debug|Any CPU
		Debug|x64 = Debug|x64
		Debug|x86 = Debug|x86
		Release|Any CPU = Release|Any CPU
		Release|x64 = Release|x64
		Release|x86 = Release|x86
	EndGlobalSection
	GlobalSection(SolutionProperties) = preSolution
		HideSolutionNode = FALSE
	EndGlobalSection
	GlobalSection(ProjectConfigurationPlatforms) = postSolution
		{5A62F57E-5C81-45A2-90A4-A44EB915B358}.Debug|Any CPU.ActiveCfg = Debug|Any CPU
		{5A62F57E-5C81-45A2-90A4-A44EB915B358}.Debug|Any CPU.Build.0 = Debug|Any CPU
		{5A62F57E-5C81-45A2-90A4-A44EB915B358}.Debug|x64.ActiveCfg = Debug|x64
		{5A62F57E-5C81-45A2-90A4-A44EB915B358}.Debug|x64.Build.0 = Debug|x64
		{5A62F57E-5C81-45A2-90A4-A44EB915B358}.Debug|x86.ActiveCfg = Debug|x86
		{5A62F57E-5C81-45A2-90A4-A44EB915B358}.Debug|x86.Build.0 = Debug|x86
		{5A62F57E-5C81-45A2-90A4-A44EB915B358}.Release|Any CPU.ActiveCfg = Release|Any CPU
		{5A62F57E-5C81-45A2-90A4-A44EB915B358}.Release|Any CPU.Build.0 = Release|Any CPU
		{5A62F57E-5C81-45A2-90A4-A44EB915B358}.Release|x64.ActiveCfg = Release|x64
		{5A62F57E-5C81-45A2-90A4-A44EB915B358}.Release|x64.Build.0 = Release|x64
		{5A62F57E-5C81-45A2-90A4-A44EB915B358}.Release|x86.ActiveCfg = Release|x86
		{5A62F57E-5C81-45A2-90A4-A44EB915B358}.Release|x86.Build.0 = Release|x86
		{794649DF-0AB7-4959-9635-AB59A95411F7}.Debug|Any CPU.ActiveCfg = Debug|Any CPU
		{794649DF-0AB7-4959-9635-AB59A95411F7}.Debug|Any CPU.Build.0 = Debug|Any CPU
		{794649DF-0AB7-4959-9635-AB59A95411F7}.Debug|x64.ActiveCfg = Debug|x64
		{794649DF-0AB7-4959-9635-AB59A95411F7}.Debug|x64.Build.0 = Debug|x64
		{794649DF-0AB7-4959-9635-AB59A95411F7}.Debug|x86.ActiveCfg = Debug|x86
		{794649DF-0AB7-4959-9635-AB59A95411F7}.Debug|x86.Build.0 = Debug|x86
		{794649DF-0AB7-4959-9635-AB59A95411F7}.Release|Any CPU.ActiveCfg = Release|Any CPU
		{794649DF-0AB7-4959-9635-AB59A95411F7}.Release|Any CPU.Build.0 = Release|Any CPU
		{794649DF-0AB7-4959-9635-AB59A95411F7}.Release|x64.ActiveCfg = Release|x64
		{794649DF-0AB7-4959-9635-AB59A95411F7}.Release|x64.Build.0 = Release|x64
		{794649DF-0AB7-4959-9635-AB59A95411F7}.Release|x86.ActiveCfg = Release|x86
		{794649DF-0AB7-4959-9635-AB59A95411F7}.Release|x86.Build.0 = Release|x86
		{2B627A53-4DF9-4B7D-BA03-9D73F02E9FA9}.Debug|Any CPU.ActiveCfg = Debug|Any CPU
		{2B627A53-4DF9-4B7D-BA03-9D73F02E9FA9}.Debug|Any CPU.Build.0 = Debug|Any CPU
		{2B627A53-4DF9-4B7D-BA03-9D73F02E9FA9}.Debug|x64.ActiveCfg = Debug|x64
		{2B627A53-4DF9-4B7D-BA03-9D73F02E9FA9}.Debug|x64.Build.0 = Debug|x64
		{2B627A53-4DF9-4B7D-BA03-9D73F02E9FA9}.Debug|x86.ActiveCfg = Debug|x86
		{2B627A53-4DF9-4B7D-BA03-9D73F02E9FA9}.Debug|x86.Build.0 = Debug|x86
		{2B627A53-4DF9-4B7D-BA03-9D73F02E9FA9}.Release|Any CPU.ActiveCfg = Release|Any CPU
		{2B627A53-4DF9-4B7D-BA03-9D73F02E9FA9}.Release|Any CPU.Build.0 = Release|Any CPU
		{2B627A53-4DF9-4B7D-BA03-9D73F02E9FA9}.Release|x64.ActiveCfg = Release|x64
		{2B627A53-4DF9-4B7D-BA03-9D73F02E9FA9}.Release|x64.Build.0 = Release|x64
		{2B627A53-4DF9-4B7D-BA03-9D73F02E9FA9}.Release|x86.ActiveCfg = Release|x86
		{2B627A53-4DF9-4B7D-BA03-9D73F02E9FA9}.Release|x86.Build.0 = Release|x86
		{BB31B6A2-D5E3-4FAB-8D58-5BBBC6F7D047}.Debug|Any CPU.ActiveCfg = Debug|Any CPU
		{BB31B6A2-D5E3-4FAB-8D58-5BBBC6F7D047}.Debug|Any CPU.Build.0 = Debug|Any CPU
		{BB31B6A2-D5E3-4FAB-8D58-5BBBC6F7D047}.Debug|x64.ActiveCfg = Debug|x64
		{BB31B6A2-D5E3-4FAB-8D58-5BBBC6F7D047}.Debug|x64.Build.0 = Debug|x64
		{BB31B6A2-D5E3-4FAB-8D58-5BBBC6F7D047}.Debug|x86.ActiveCfg = Debug|x86
		{BB31B6A2-D5E3-4FAB-8D58-5BBBC6F7D047}.Debug|x86.Build.0 = Debug|x86
		{BB31B6A2-D5E3-4FAB-8D58-5BBBC6F7D047}.Release|Any CPU.ActiveCfg = Release|Any CPU
		{BB31B6A2-D5E3-4FAB-8D58-5BBBC6F7D047}.Release|Any CPU.Build.0 = Release|Any CPU
		{BB31B6A2-D5E3-4FAB-8D58-5BBBC6F7D047}.Release|x64.ActiveCfg = Release|x64
		{BB31B6A2-D5E3-4FAB-8D58-5BBBC6F7D047}.Release|x64.Build.0 = Release|x64
		{BB31B6A2-D5E3-4FAB-8D58-5BBBC6F7D047}.Release|x86.ActiveCfg = Release|x86
		{BB31B6A2-D5E3-4FAB-8D58-5BBBC6F7D047}.Release|x86.Build.0 = Release|x86
	EndGlobalSection
	GlobalSection(NestedProjects) = preSolution
		{5A62F57E-5C81-45A2-90A4-A44EB915B358} = {D46C7E5E-A719-4C65-85F2-5DE9B3A01095}
		{794649DF-0AB7-4959-9635-AB59A95411F7} = {B1CBC9FD-2A19-4473-89D2-B337559581C2}
		{BB31B6A2-D5E3-4FAB-8D58-5BBBC6F7D047} = {D46C7E5E-A719-4C65-85F2-5DE9B3A01095}
	EndGlobalSection
EndGlobal
